
Microsoft Visual Studio Solution File, Format Version 12.00
# Visual Studio Version 17
VisualStudioVersion = 17.4.33213.308
MinimumVisualStudioVersion = 10.0.40219.1
Project("{9A19103F-16F7-4668-BE54-9A1E7A4F7556}") = "MOTM", "MOTM.csproj", "{C18280DD-FD8C-473D-A585-A0025690BE1B}"
EndProject
Global
	GlobalSection(SolutionConfigurationPlatforms) = preSolution
		Debug|Any CPU = Debug|Any CPU
		Release|Any CPU = Release|Any CPU
	EndGlobalSection
	GlobalSection(ProjectConfigurationPlatforms) = postSolution
		{C18280DD-FD8C-473D-A585-A0025690BE1B}.Debug|Any CPU.ActiveCfg = Debug|Any CPU
		{C18280DD-FD8C-473D-A585-A0025690BE1B}.Debug|Any CPU.Build.0 = Debug|Any CPU
		{C18280DD-FD8C-473D-A585-A0025690BE1B}.Release|Any CPU.ActiveCfg = Release|Any CPU
		{C18280DD-FD8C-473D-A585-A0025690BE1B}.Release|Any CPU.Build.0 = Release|Any CPU
	EndGlobalSection
	GlobalSection(SolutionProperties) = preSolution
		HideSolutionNode = FALSE
	EndGlobalSection
	GlobalSection(ExtensibilityGlobals) = postSolution
		SolutionGuid = {A01F00DF-9015-4BF2-8C3C-534C125A200D}
	EndGlobalSection
EndGlobal
